
Microsoft Visual Studio Solution File, Format Version 12.00
# Visual Studio Version 16
VisualStudioVersion = 16.0.31313.79
MinimumVisualStudioVersion = 10.0.40219.1
Project("{FAE04EC0-301F-11D3-BF4B-00C04F79EFBC}") = "BlazorDemo", "BlazorDemo\BlazorDemo.csproj", "{32BE704D-CA4E-4B74-9173-35C628402E60}"
EndProject
Project("{FAE04EC0-301F-11D3-BF4B-00C04F79EFBC}") = "JsonPlaceholder.Adapter", "JsonPlaceholder.Adapter\JsonPlaceholder.Adapter.csproj", "{6C1DF0CD-81E2-4A0B-8A98-FBA503793351}"
EndProject
Global
	GlobalSection(SolutionConfigurationPlatforms) = preSolution
		Debug|Any CPU = Debug|Any CPU
		Release|Any CPU = Release|Any CPU
	EndGlobalSection
	GlobalSection(ProjectConfigurationPlatforms) = postSolution
		{32BE704D-CA4E-4B74-9173-35C628402E60}.Debug|Any CPU.ActiveCfg = Debug|Any CPU
		{32BE704D-CA4E-4B74-9173-35C628402E60}.Debug|Any CPU.Build.0 = Debug|Any CPU
		{32BE704D-CA4E-4B74-9173-35C628402E60}.Release|Any CPU.ActiveCfg = Release|Any CPU
		{32BE704D-CA4E-4B74-9173-35C628402E60}.Release|Any CPU.Build.0 = Release|Any CPU
		{6C1DF0CD-81E2-4A0B-8A98-FBA503793351}.Debug|Any CPU.ActiveCfg = Debug|Any CPU
		{6C1DF0CD-81E2-4A0B-8A98-FBA503793351}.Debug|Any CPU.Build.0 = Debug|Any CPU
		{6C1DF0CD-81E2-4A0B-8A98-FBA503793351}.Release|Any CPU.ActiveCfg = Release|Any CPU
		{6C1DF0CD-81E2-4A0B-8A98-FBA503793351}.Release|Any CPU.Build.0 = Release|Any CPU
	EndGlobalSection
	GlobalSection(SolutionProperties) = preSolution
		HideSolutionNode = FALSE
	EndGlobalSection
	GlobalSection(ExtensibilityGlobals) = postSolution
		SolutionGuid = {2CE08529-AD28-475E-BF02-3A8A7132F291}
	EndGlobalSection
EndGlobal
